
Microsoft Visual Studio Solution File, Format Version 12.00
# Visual Studio Version 17
VisualStudioVersion = 17.3.32922.545
MinimumVisualStudioVersion = 10.0.40219.1
Project("{FAE04EC0-301F-11D3-BF4B-00C04F79EFBC}") = "PracTask", "PracTask\PracTask.csproj", "{6EF921EF-D19E-4DA1-9990-DE0E3443817B}"
EndProject
Global
	GlobalSection(SolutionConfigurationPlatforms) = preSolution
		Debug|Any CPU = Debug|Any CPU
		Release|Any CPU = Release|Any CPU
	EndGlobalSection
	GlobalSection(ProjectConfigurationPlatforms) = postSolution
		{6EF921EF-D19E-4DA1-9990-DE0E3443817B}.Debug|Any CPU.ActiveCfg = Debug|Any CPU
		{6EF921EF-D19E-4DA1-9990-DE0E3443817B}.Debug|Any CPU.Build.0 = Debug|Any CPU
		{6EF921EF-D19E-4DA1-9990-DE0E3443817B}.Release|Any CPU.ActiveCfg = Release|Any CPU
		{6EF921EF-D19E-4DA1-9990-DE0E3443817B}.Release|Any CPU.Build.0 = Release|Any CPU
	EndGlobalSection
	GlobalSection(SolutionProperties) = preSolution
		HideSolutionNode = FALSE
	EndGlobalSection
	GlobalSection(ExtensibilityGlobals) = postSolution
		SolutionGuid = {ED3C5884-A747-43AC-BDB3-1BE5B63E6895}
	EndGlobalSection
EndGlobal
